
Microsoft Visual Studio Solution File, Format Version 12.00
# Visual Studio 2013
VisualStudioVersion = 12.0.31101.0
MinimumVisualStudioVersion = 10.0.40219.1
Project("{FAE04EC0-301F-11D3-BF4B-00C04F79EFBC}") = "SuperFunkyChat", "SuperFunkyChat\SuperFunkyChat.csproj", "{61BEDE97-804B-4A95-AA6D-69B34E4F7342}"
EndProject
Project("{FAE04EC0-301F-11D3-BF4B-00C04F79EFBC}") = "SuperFunkyChatServer", "SuperFunkyChatServer\SuperFunkyChatServer.csproj", "{5935B8F6-A23D-47AE-A412-2547A59E2FF1}"
EndProject
Project("{FAE04EC0-301F-11D3-BF4B-00C04F79EFBC}") = "SuperFunkyChatProtocol", "SuperFunkyChatProtocol\SuperFunkyChatProtocol.csproj", "{97A74589-A22C-417C-854A-D5495F9FD02E}"
EndProject
Project("{FAE04EC0-301F-11D3-BF4B-00C04F79EFBC}") = "FileSigner", "FileSigner\FileSigner.csproj", "{6EF875A3-A4FC-4849-9765-6AAB04CBC5BA}"
EndProject
Project("{FAE04EC0-301F-11D3-BF4B-00C04F79EFBC}") = "Updater", "Updater\Updater.csproj", "{C60C8A68-9536-4611-848B-153E9575F3D3}"
EndProject
Project("{FAE04EC0-301F-11D3-BF4B-00C04F79EFBC}") = "SuperFunkyChatCLI", "SuperFunkyChatCLI\SuperFunkyChatCLI.csproj", "{6760EBC3-6030-47AD-BE88-10861DD58A38}"
EndProject
Global
	GlobalSection(SolutionConfigurationPlatforms) = preSolution
		Debug|Any CPU = Debug|Any CPU
		Debug|Mixed Platforms = Debug|Mixed Platforms
		Debug|x86 = Debug|x86
		Release|Any CPU = Release|Any CPU
		Release|Mixed Platforms = Release|Mixed Platforms
		Release|x86 = Release|x86
	EndGlobalSection
	GlobalSection(ProjectConfigurationPlatforms) = postSolution
		{61BEDE97-804B-4A95-AA6D-69B34E4F7342}.Debug|Any CPU.ActiveCfg = Debug|Any CPU
		{61BEDE97-804B-4A95-AA6D-69B34E4F7342}.Debug|Any CPU.Build.0 = Debug|Any CPU
		{61BEDE97-804B-4A95-AA6D-69B34E4F7342}.Debug|Mixed Platforms.ActiveCfg = Debug|Any CPU
		{61BEDE97-804B-4A95-AA6D-69B34E4F7342}.Debug|Mixed Platforms.Build.0 = Debug|Any CPU
		{61BEDE97-804B-4A95-AA6D-69B34E4F7342}.Debug|x86.ActiveCfg = Debug|x86
		{61BEDE97-804B-4A95-AA6D-69B34E4F7342}.Debug|x86.Build.0 = Debug|x86
		{61BEDE97-804B-4A95-AA6D-69B34E4F7342}.Release|Any CPU.ActiveCfg = Release|Any CPU
		{61BEDE97-804B-4A95-AA6D-69B34E4F7342}.Release|Any CPU.Build.0 = Release|Any CPU
		{61BEDE97-804B-4A95-AA6D-69B34E4F7342}.Release|Mixed Platforms.ActiveCfg = Release|Any CPU
		{61BEDE97-804B-4A95-AA6D-69B34E4F7342}.Release|Mixed Platforms.Build.0 = Release|Any CPU
		{61BEDE97-804B-4A95-AA6D-69B34E4F7342}.Release|x86.ActiveCfg = Release|x86
		{61BEDE97-804B-4A95-AA6D-69B34E4F7342}.Release|x86.Build.0 = Release|x86
		{5935B8F6-A23D-47AE-A412-2547A59E2FF1}.Debug|Any CPU.ActiveCfg = Debug|Any CPU
		{5935B8F6-A23D-47AE-A412-2547A59E2FF1}.Debug|Any CPU.Build.0 = Debug|Any CPU
		{5935B8F6-A23D-47AE-A412-2547A59E2FF1}.Debug|Mixed Platforms.ActiveCfg = Debug|Any CPU
		{5935B8F6-A23D-47AE-A412-2547A59E2FF1}.Debug|Mixed Platforms.Build.0 = Debug|Any CPU
		{5935B8F6-A23D-47AE-A412-2547A59E2FF1}.Debug|x86.ActiveCfg = Debug|x86
		{5935B8F6-A23D-47AE-A412-2547A59E2FF1}.Debug|x86.Build.0 = Debug|x86
		{5935B8F6-A23D-47AE-A412-2547A59E2FF1}.Release|Any CPU.ActiveCfg = Release|Any CPU
		{5935B8F6-A23D-47AE-A412-2547A59E2FF1}.Release|Any CPU.Build.0 = Release|Any CPU
		{5935B8F6-A23D-47AE-A412-2547A59E2FF1}.Release|Mixed Platforms.ActiveCfg = Release|Any CPU
		{5935B8F6-A23D-47AE-A412-2547A59E2FF1}.Release|Mixed Platforms.Build.0 = Release|Any CPU
		{5935B8F6-A23D-47AE-A412-2547A59E2FF1}.Release|x86.ActiveCfg = Release|x86
		{5935B8F6-A23D-47AE-A412-2547A59E2FF1}.Release|x86.Build.0 = Release|x86
		{97A74589-A22C-417C-854A-D5495F9FD02E}.Debug|Any CPU.ActiveCfg = Debug|Any CPU
		{97A74589-A22C-417C-854A-D5495F9FD02E}.Debug|Any CPU.Build.0 = Debug|Any CPU
		{97A74589-A22C-417C-854A-D5495F9FD02E}.Debug|Mixed Platforms.ActiveCfg = Debug|Any CPU
		{97A74589-A22C-417C-854A-D5495F9FD02E}.Debug|Mixed Platforms.Build.0 = Debug|Any CPU
		{97A74589-A22C-417C-854A-D5495F9FD02E}.Debug|x86.ActiveCfg = Debug|Any CPU
		{97A74589-A22C-417C-854A-D5495F9FD02E}.Release|Any CPU.ActiveCfg = Release|Any CPU
		{97A74589-A22C-417C-854A-D5495F9FD02E}.Release|Any CPU.Build.0 = Release|Any CPU
		{97A74589-A22C-417C-854A-D5495F9FD02E}.Release|Mixed Platforms.ActiveCfg = Release|Any CPU
		{97A74589-A22C-417C-854A-D5495F9FD02E}.Release|Mixed Platforms.Build.0 = Release|Any CPU
		{97A74589-A22C-417C-854A-D5495F9FD02E}.Release|x86.ActiveCfg = Release|Any CPU
		{6EF875A3-A4FC-4849-9765-6AAB04CBC5BA}.Debug|Any CPU.ActiveCfg = Debug|Any CPU
		{6EF875A3-A4FC-4849-9765-6AAB04CBC5BA}.Debug|Any CPU.Build.0 = Debug|Any CPU
		{6EF875A3-A4FC-4849-9765-6AAB04CBC5BA}.Debug|Mixed Platforms.ActiveCfg = Debug|Any CPU
		{6EF875A3-A4FC-4849-9765-6AAB04CBC5BA}.Debug|Mixed Platforms.Build.0 = Debug|Any CPU
		{6EF875A3-A4FC-4849-9765-6AAB04CBC5BA}.Debug|x86.ActiveCfg = Debug|x86
		{6EF875A3-A4FC-4849-9765-6AAB04CBC5BA}.Debug|x86.Build.0 = Debug|x86
		{6EF875A3-A4FC-4849-9765-6AAB04CBC5BA}.Release|Any CPU.ActiveCfg = Release|Any CPU
		{6EF875A3-A4FC-4849-9765-6AAB04CBC5BA}.Release|Any CPU.Build.0 = Release|Any CPU
		{6EF875A3-A4FC-4849-9765-6AAB04CBC5BA}.Release|Mixed Platforms.ActiveCfg = Release|Any CPU
		{6EF875A3-A4FC-4849-9765-6AAB04CBC5BA}.Release|Mixed Platforms.Build.0 = Release|Any CPU
		{6EF875A3-A4FC-4849-9765-6AAB04CBC5BA}.Release|x86.ActiveCfg = Release|x86
		{6EF875A3-A4FC-4849-9765-6AAB04CBC5BA}.Release|x86.Build.0 = Release|x86
		{C60C8A68-9536-4611-848B-153E9575F3D3}.Debug|Any CPU.ActiveCfg = Debug|Any CPU
		{C60C8A68-9536-4611-848B-153E9575F3D3}.Debug|Any CPU.Build.0 = Debug|Any CPU
		{C60C8A68-9536-4611-848B-153E9575F3D3}.Debug|Mixed Platforms.ActiveCfg = Debug|x86
		{C60C8A68-9536-4611-848B-153E9575F3D3}.Debug|Mixed Platforms.Build.0 = Debug|x86
		{C60C8A68-9536-4611-848B-153E9575F3D3}.Debug|x86.ActiveCfg = Debug|x86
		{C60C8A68-9536-4611-848B-153E9575F3D3}.Debug|x86.Build.0 = Debug|x86
		{C60C8A68-9536-4611-848B-153E9575F3D3}.Release|Any CPU.ActiveCfg = Release|Any CPU
		{C60C8A68-9536-4611-848B-153E9575F3D3}.Release|Any CPU.Build.0 = Release|Any CPU
		{C60C8A68-9536-4611-848B-153E9575F3D3}.Release|Mixed Platforms.ActiveCfg = Release|x86
		{C60C8A68-9536-4611-848B-153E9575F3D3}.Release|Mixed Platforms.Build.0 = Release|x86
		{C60C8A68-9536-4611-848B-153E9575F3D3}.Release|x86.ActiveCfg = Release|x86
		{C60C8A68-9536-4611-848B-153E9575F3D3}.Release|x86.Build.0 = Release|x86
		{6760EBC3-6030-47AD-BE88-10861DD58A38}.Debug|Any CPU.ActiveCfg = Debug|Any CPU
		{6760EBC3-6030-47AD-BE88-10861DD58A38}.Debug|Any CPU.Build.0 = Debug|Any CPU
		{6760EBC3-6030-47AD-BE88-10861DD58A38}.Debug|Mixed Platforms.ActiveCfg = Debug|Any CPU
		{6760EBC3-6030-47AD-BE88-10861DD58A38}.Debug|Mixed Platforms.Build.0 = Debug|Any CPU
		{6760EBC3-6030-47AD-BE88-10861DD58A38}.Debug|x86.ActiveCfg = Debug|Any CPU
		{6760EBC3-6030-47AD-BE88-10861DD58A38}.Release|Any CPU.ActiveCfg = Release|Any CPU
		{6760EBC3-6030-47AD-BE88-10861DD58A38}.Release|Any CPU.Build.0 = Release|Any CPU
		{6760EBC3-6030-47AD-BE88-10861DD58A38}.Release|Mixed Platforms.ActiveCfg = Release|Any CPU
		{6760EBC3-6030-47AD-BE88-10861DD58A38}.Release|Mixed Platforms.Build.0 = Release|Any CPU
		{6760EBC3-6030-47AD-BE88-10861DD58A38}.Release|x86.ActiveCfg = Release|Any CPU
	EndGlobalSection
	GlobalSection(SolutionProperties) = preSolution
		HideSolutionNode = FALSE
	EndGlobalSection
EndGlobal
